
Microsoft Visual Studio Solution File, Format Version 12.00
# Visual Studio Version 17
VisualStudioVersion = 17.14.37502.11 d17.14
MinimumVisualStudioVersion = 10.0.40219.1
Project("{FAE04EC0-301F-11D3-BF4B-00C04F79EFBC}") = "BuroNahodok", "BuroNahodok.csproj", "{FA6270B0-3DC4-4661-8C2B-F952DC89414F}"
EndProject
Global
	GlobalSection(SolutionConfigurationPlatforms) = preSolution
		Debug|Any CPU = Debug|Any CPU
		Release|Any CPU = Release|Any CPU
	EndGlobalSection
	GlobalSection(ProjectConfigurationPlatforms) = postSolution
		{FA6270B0-3DC4-4661-8C2B-F952DC89414F}.Debug|Any CPU.ActiveCfg = Debug|Any CPU
		{FA6270B0-3DC4-4661-8C2B-F952DC89414F}.Debug|Any CPU.Build.0 = Debug|Any CPU
		{FA6270B0-3DC4-4661-8C2B-F952DC89414F}.Release|Any CPU.ActiveCfg = Release|Any CPU
		{FA6270B0-3DC4-4661-8C2B-F952DC89414F}.Release|Any CPU.Build.0 = Release|Any CPU
	EndGlobalSection
	GlobalSection(SolutionProperties) = preSolution
		HideSolutionNode = FALSE
	EndGlobalSection
	GlobalSection(ExtensibilityGlobals) = postSolution
		SolutionGuid = {97B1E562-3CE6-4907-BD9C-7EEE9DF9E2E1}
	EndGlobalSection
EndGlobal
